
Microsoft Visual Studio Solution File, Format Version 12.00
# Visual Studio Version 17
VisualStudioVersion = 17.0.31903.59
MinimumVisualStudioVersion = 10.0.40219.1
Project("{FAE04EC0-301F-11D3-BF4B-00C04F79EFBC}") = "FCastSender.Cli", "FCastSender.Cli\FCastSender.Cli.csproj", "{F4E30931-E69D-4DEE-8C11-C6D38FA1CA10}"
EndProject
Project("{FAE04EC0-301F-11D3-BF4B-00C04F79EFBC}") = "FCastSender", "FCastSender\FCastSender.csproj", "{F7BB835A-1C8E-4BCB-A1A5-968AA9DDDF8C}"
EndProject
Global
	GlobalSection(SolutionConfigurationPlatforms) = preSolution
		Debug|Any CPU = Debug|Any CPU
		Release|Any CPU = Release|Any CPU
	EndGlobalSection
	GlobalSection(SolutionProperties) = preSolution
		HideSolutionNode = FALSE
	EndGlobalSection
	GlobalSection(ProjectConfigurationPlatforms) = postSolution
		{F4E30931-E69D-4DEE-8C11-C6D38FA1CA10}.Debug|Any CPU.ActiveCfg = Debug|Any CPU
		{F4E30931-E69D-4DEE-8C11-C6D38FA1CA10}.Debug|Any CPU.Build.0 = Debug|Any CPU
		{F4E30931-E69D-4DEE-8C11-C6D38FA1CA10}.Release|Any CPU.ActiveCfg = Release|Any CPU
		{F4E30931-E69D-4DEE-8C11-C6D38FA1CA10}.Release|Any CPU.Build.0 = Release|Any CPU
		{F7BB835A-1C8E-4BCB-A1A5-968AA9DDDF8C}.Debug|Any CPU.ActiveCfg = Debug|Any CPU
		{F7BB835A-1C8E-4BCB-A1A5-968AA9DDDF8C}.Debug|Any CPU.Build.0 = Debug|Any CPU
		{F7BB835A-1C8E-4BCB-A1A5-968AA9DDDF8C}.Release|Any CPU.ActiveCfg = Release|Any CPU
		{F7BB835A-1C8E-4BCB-A1A5-968AA9DDDF8C}.Release|Any CPU.Build.0 = Release|Any CPU
	EndGlobalSection
EndGlobal
